
Microsoft Visual Studio Solution File, Format Version 12.00
# Visual Studio 15
VisualStudioVersion = 15.0.28010.2050
MinimumVisualStudioVersion = 10.0.40219.1
Project("{FAE04EC0-301F-11D3-BF4B-00C04F79EFBC}") = "BankSimulator", "BankSimulator\BankSimulator.csproj", "{DF770AF1-1891-48D7-8BC9-4DC908437722}"
EndProject
Global
	GlobalSection(SolutionConfigurationPlatforms) = preSolution
		Debug|Any CPU = Debug|Any CPU
		Release|Any CPU = Release|Any CPU
	EndGlobalSection
	GlobalSection(ProjectConfigurationPlatforms) = postSolution
		{DF770AF1-1891-48D7-8BC9-4DC908437722}.Debug|Any CPU.ActiveCfg = Debug|Any CPU
		{DF770AF1-1891-48D7-8BC9-4DC908437722}.Debug|Any CPU.Build.0 = Debug|Any CPU
		{DF770AF1-1891-48D7-8BC9-4DC908437722}.Release|Any CPU.ActiveCfg = Release|Any CPU
		{DF770AF1-1891-48D7-8BC9-4DC908437722}.Release|Any CPU.Build.0 = Release|Any CPU
	EndGlobalSection
	GlobalSection(SolutionProperties) = preSolution
		HideSolutionNode = FALSE
	EndGlobalSection
	GlobalSection(ExtensibilityGlobals) = postSolution
		SolutionGuid = {AA9E6256-896A-4A44-860C-BF722BBCC06B}
	EndGlobalSection
EndGlobal
